PODS:
  - Alamofire (4.5.0)
  - ObjectMapper (2.0.0)

DEPENDENCIES:
  - Alamofire
  - ObjectMapper (~> 2.0.0)

SPEC CHECKSUMS:
  Alamofire: f28cdffd29de33a7bfa022cbd63ae95a27fae140
  ObjectMapper: aed2570edabbd3c9b26c939e1cabdb6558f933e0

PODFILE CHECKSUM: 31e09149b9b973f1568dbdc361f065ed561a9946

COCOAPODS: 1.3.1
